// !$*UTF8*$!
{
	archiveVersion = 1;
	classes = {
	};
	objectVersion = 46;
	objects = {

/* Begin PBXBuildFile section */
		A0E5E8F31EA49486008608E6 /* AppDelegate.swift in Sources */ = {isa = PBXBuildFile; fileRef = A0E5E8F21EA49486008608E6 /* AppDelegate.swift */; };
		A0E5E8F51EA49486008608E6 /* ViewController.swift in Sources */ = {isa = PBXBuildFile; fileRef = A0E5E8F41EA49486008608E6 /* ViewController.swift */; };
		A0E5E8F81EA49486008608E6 /* Main.storyboard in Resources */ = {isa = PBXBuildFile; fileRef = A0E5E8F61EA49486008608E6 /* Main.storyboard */; };
		A0E5E8FA1EA49486008608E6 /* Assets.xcassets in Resources */ = {isa = PBXBuildFile; fileRef = A0E5E8F91EA49486008608E6 /* Assets.xcassets */; };
		A0E5E8FD1EA49486008608E6 /* LaunchScreen.storyboard in Resources */ = {isa = PBXBuildFile; fileRef = A0E5E8FB1EA49486008608E6 /* LaunchScreen.storyboard */; };
/* End PBXBuildFile section */

/* Begin PBXFileReference section */
		A0E5E8EF1EA49486008608E6 /* Geosphere.app */ = {isa = PBXFileReference; explicitFileType = wrapper.application; includeInIndex = 0; path = Geosphere.app; sourceTree = BUILT_PRODUCTS_DIR; };
		A0E5E8F21EA49486008608E6 /* AppDelegate.swift */ = {isa = PBXFileReference; lastKnownFileType = sourcecode.swift; path = AppDelegate.swift; sourceTree = "<group>"; };
		A0E5E8F41EA49486008608E6 /* ViewController.swift */ = {isa = PBXFileReference; lastKnownFileType = sourcecode.swift; path = ViewController.swift; sourceTree = "<group>"; };
		A0E5E8F71EA49486008608E6 /* Base */ = {isa = PBXFileReference; lastKnownFileType = file.storyboard; name = Base; path = Base.lproj/Main.storyboard; sourceTree = "<group>"; };
		A0E5E8F91EA49486008608E6 /* Assets.xcassets */ = {isa = PBXFileReference; lastKnownFileType = folder.assetcatalog; path = Assets.xcassets; sourceTree = "<group>"; };
		A0E5E8FC1EA49486008608E6 /* Base */ = {isa = PBXFileReference; lastKnownFileType = file.storyboard; name = Base; path = Base.lproj/LaunchScreen.storyboard; sourceTree = "<group>"; };
		A0E5E8FE1EA49486008608E6 /* Info.plist */ = {isa = PBXFileReference; lastKnownFileType = text.plist.xml; path = Info.plist; sourceTree = "<group>"; };
/* End PBXFileReference section */

/* Begin PBXFrameworksBuildPhase section */
		A0E5E8EC1EA49486008608E6 /* Frameworks */ = {
			isa = PBXFrameworksBuildPhase;
			buildActionMask = 2147483647;
			files = (
			);
			runOnlyForDeploymentPostprocessing = 0;
		};
/* End PBXFrameworksBuildPhase section */

/* Begin PBXGroup section */
		A0E5E8E61EA49486008608E6 = {
			isa = PBXGroup;
			children = (
				A0E5E8F11EA49486008608E6 /* Geosphere */,
				A0E5E8F01EA49486008608E6 /* Products */,
			);
			sourceTree = "<group>";
		};
		A0E5E8F01EA49486008608E6 /* Products */ = {
			isa = PBXGroup;
			children = (
				A0E5E8EF1EA49486008608E6 /* Geosphere.app */,
			);
			name = Products;
			sourceTree = "<group>";
		};
		A0E5E8F11EA49486008608E6 /* Geosphere */ = {
			isa = PBXGroup;
			children = (
				A0E5E8F21EA49486008608E6 /* AppDelegate.swift */,
				A0E5E8F41EA49486008608E6 /* ViewController.swift */,
				A0E5E8F61EA49486008608E6 /* Main.storyboard */,
				A0E5E8F91EA49486008608E6 /* Assets.xcassets */,
				A0E5E8FB1EA49486008608E6 /* LaunchScreen.storyboard */,
				A0E5E8FE1EA49486008608E6 /* Info.plist */,
			);
			path = Geosphere;
			sourceTree = "<group>";
		};
/* End PBXGroup section */

/* Begin PBXNativeTarget section */
		A0E5E8EE1EA49486008608E6 /* Geosphere */ = {
			isa = PBXNativeTarget;
			buildConfigurationList = A0E5E9011EA49486008608E6 /* Build configuration list for PBXNativeTarget "Geosphere" */;
			buildPhases = (
				A0E5E8EB1EA49486008608E6 /* Sources */,
				A0E5E8EC1EA49486008608E6 /* Frameworks */,
				A0E5E8ED1EA49486008608E6 /* Resources */,
			);
			buildRules = (
			);
			dependencies = (
			);
			name = Geosphere;
			productName = Geosphere;
			productReference = A0E5E8EF1EA49486008608E6 /* Geosphere.app */;
			productType = "com.apple.product-type.application";
		};
/* End PBXNativeTarget section */

/* Begin PBXProject section */
		A0E5E8E71EA49486008608E6 /* Project object */ = {
			isa = PBXProject;
			attributes = {
				LastSwiftUpdateCheck = 0830;
				LastUpgradeCheck = 0830;
				ORGANIZATIONNAME = "Jacob Martin";
				TargetAttributes = {
					A0E5E8EE1EA49486008608E6 = {
						CreatedOnToolsVersion = 8.3.1;
						DevelopmentTeam = BCYSH9FU9P;
						ProvisioningStyle = Automatic;
					};
				};
			};
			buildConfigurationList = A0E5E8EA1EA49486008608E6 /* Build configuration list for PBXProject "Geosphere" */;
			compatibilityVersion = "Xcode 3.2";
			developmentRegion = English;
			hasScannedForEncodings = 0;
			knownRegions = (
				en,
				Base,
			);
			mainGroup = A0E5E8E61EA49486008608E6;
			productRefGroup = A0E5E8F01EA49486008608E6 /* Products */;
			projectDirPath = "";
			projectRoot = "";
			targets = (
				A0E5E8EE1EA49486008608E6 /* Geosphere */,
			);
		};
/* End PBXProject section */

/* Begin PBXResourcesBuildPhase section */
		A0E5E8ED1EA49486008608E6 /* Resources */ = {
			isa = PBXResourcesBuildPhase;
			buildActionMask = 2147483647;
			files = (
				A0E5E8FD1EA49486008608E6 /* LaunchScreen.storyboard in Resources */,
				A0E5E8FA1EA49486008608E6 /* Assets.xcassets in Resources */,
				A0E5E8F81EA49486008608E6 /* Main.storyboard in Resources */,
			);
			runOnlyForDeploymentPostprocessing = 0;
		};
/* End PBXResourcesBuildPhase section */

/* Begin PBXSourcesBuildPhase section */
		A0E5E8EB1EA49486008608E6 /* Sources */ = {
			isa = PBXSourcesBuildPhase;
			buildActionMask = 2147483647;
			files = (
				A0E5E8F51EA49486008608E6 /* ViewController.swift in Sources */,
				A0E5E8F31EA49486008608E6 /* AppDelegate.swift in Sources */,
			);
			runOnlyForDeploymentPostprocessing = 0;
		};
/* End PBXSourcesBuildPhase section */

/* Begin PBXVariantGroup section */
		A0E5E8F61EA49486008608E6 /* Main.storyboard */ = {
			isa = PBXVariantGroup;
			children = (
				A0E5E8F71EA49486008608E6 /* Base */,
			);
			name = Main.storyboard;
			sourceTree = "<group>";
		};
		A0E5E8FB1EA49486008608E6 /* LaunchScreen.storyboard */ = {
			isa = PBXVariantGroup;
			children = (
				A0E5E8FC1EA49486008608E6 /* Base */,
			);
			name = LaunchScreen.storyboard;
			sourceTree = "<group>";
		};
/* End PBXVariantGroup section */

/* Begin XCBuildConfiguration section */
		A0E5E8FF1EA49486008608E6 /* Debug */ = {
			isa = XCBuildConfiguration;
			buildSettings = {
				ALWAYS_SEARCH_USER_PATHS = NO;
				CLANG_ANALYZER_NONNULL = YES;
				CLANG_ANALYZER_NUMBER_OBJECT_CONVERSION = YES_AGGRESSIVE;
				CLANG_CXX_LANGUAGE_STANDARD = "gnu++0x";
				CLANG_CXX_LIBRARY = "libc++";
				CLANG_ENABLE_MODULES = YES;
				CLANG_ENABLE_OBJC_ARC = YES;
				CLANG_WARN_BOOL_CONVERSION = YES;
				CLANG_WARN_CONSTANT_CONVERSION = YES;
				CLANG_WARN_DIRECT_OBJC_ISA_USAGE = YES_ERROR;
				CLANG_WARN_DOCUMENTATION_COMMENTS = YES;
				CLANG_WARN_EMPTY_BODY = YES;
				CLANG_WARN_ENUM_CONVERSION = YES;
				CLANG_WARN_INFINITE_RECURSION = YES;
				CLANG_WARN_INT_CONVERSION = YES;
				CLANG_WARN_OBJC_ROOT_CLASS = YES_ERROR;
				CLANG_WARN_SUSPICIOUS_MOVE = YES;
				CLANG_WARN_UNREACHABLE_CODE = YES;
				CLANG_WARN__DUPLICATE_METHOD_MATCH = YES;
				"CODE_SIGN_IDENTITY[sdk=iphoneos*]" = "iPhone Developer";
				COPY_PHASE_STRIP = NO;
				DEBUG_INFORMATION_FORMAT = dwarf;
				ENABLE_STRICT_OBJC_MSGSEND = YES;
				ENABLE_TESTABILITY = YES;
				GCC_C_LANGUAGE_STANDARD = gnu99;
				GCC_DYNAMIC_NO_PIC = NO;
				GCC_NO_COMMON_BLOCKS = YES;
				GCC_OPTIMIZATION_LEVEL = 0;
				GCC_PREPROCESSOR_DEFINITIONS = (
					"DEBUG=1",
					"$(inherited)",
				);
				GCC_WARN_64_TO_32_BIT_CONVERSION = YES;
				GCC_WARN_ABOUT_RETURN_TYPE = YES_ERROR;
				GCC_WARN_UNDECLARED_SELECTOR = YES;
				GCC_WARN_UNINITIALIZED_AUTOS = YES_AGGRESSIVE;
				GCC_WARN_UNUSED_FUNCTION = YES;
				GCC_WARN_UNUSED_VARIABLE = YES;
				IPHONEOS_DEPLOYMENT_TARGET = 10.3;
				MTL_ENABLE_DEBUG_INFO = YES;
				ONLY_ACTIVE_ARCH = YES;
				SDKROOT = iphoneos;
				SWIFT_ACTIVE_COMPILATION_CONDITIONS = DEBUG;
				SWIFT_OPTIMIZATION_LEVEL = "-Onone";
				TARGETED_DEVICE_FAMILY = "1,2";
			};
			name = Debug;
		};
		A0E5E9001EA49486008608E6 /* Release */ = {
			isa = XCBuildConfiguration;
			buildSettings = {
				ALWAYS_SEARCH_USER_PATHS = NO;
				CLANG_ANALYZER_NONNULL = YES;
				CLANG_ANALYZER_NUMBER_OBJECT_CONVERSION = YES_AGGRESSIVE;
				CLANG_CXX_LANGUAGE_STANDARD = "gnu++0x";
				CLANG_CXX_LIBRARY = "libc++";
				CLANG_ENABLE_MODULES = YES;
				CLANG_ENABLE_OBJC_ARC = YES;
				CLANG_WARN_BOOL_CONVERSION = YES;
				CLANG_WARN_CONSTANT_CONVERSION = YES;
				CLANG_WARN_DIRECT_OBJC_ISA_USAGE = YES_ERROR;
				CLANG_WARN_DOCUMENTATION_COMMENTS = YES;
				CLANG_WARN_EMPTY_BODY = YES;
				CLANG_WARN_ENUM_CONVERSION = YES;
				CLANG_WARN_INFINITE_RECURSION = YES;
				CLANG_WARN_INT_CONVERSION = YES;
				CLANG_WARN_OBJC_ROOT_CLASS = YES_ERROR;
				CLANG_WARN_SUSPICIOUS_MOVE = YES;
				CLANG_WARN_UNREACHABLE_CODE = YES;
				CLANG_WARN__DUPLICATE_METHOD_MATCH = YES;
				"CODE_SIGN_IDENTITY[sdk=iphoneos*]" = "iPhone Developer";
				COPY_PHASE_STRIP = NO;
				DEBUG_INFORMATION_FORMAT = "dwarf-with-dsym";
				ENABLE_NS_ASSERTIONS = NO;
				ENABLE_STRICT_OBJC_MSGSEND = YES;
				GCC_C_LANGUAGE_STANDARD = gnu99;
				GCC_NO_COMMON_BLOCKS = YES;
				GCC_WARN_64_TO_32_BIT_CONVERSION = YES;
				GCC_WARN_ABOUT_RETURN_TYPE = YES_ERROR;
				GCC_WARN_UNDECLARED_SELECTOR = YES;
				GCC_WARN_UNINITIALIZED_AUTOS = YES_AGGRESSIVE;
				GCC_WARN_UNUSED_FUNCTION = YES;
				GCC_WARN_UNUSED_VARIABLE = YES;
				IPHONEOS_DEPLOYMENT_TARGET = 10.3;
				MTL_ENABLE_DEBUG_INFO = NO;
				SDKROOT = iphoneos;
				SWIFT_OPTIMIZATION_LEVEL = "-Owholemodule";
				TARGETED_DEVICE_FAMILY = "1,2";
				VALIDATE_PRODUCT = YES;
			};
			name = Release;
		};
		A0E5E9021EA49486008608E6 /* Debug */ = {
			isa = XCBuildConfiguration;
			buildSettings = {
				ASSETCATALOG_COMPILER_APPICON_NAME = AppIcon;
				DEVELOPMENT_TEAM = BCYSH9FU9P;
				INFOPLIST_FILE = Geosphere/Info.plist;
				LD_RUNPATH_SEARCH_PATHS = "$(inherited) @executable_path/Frameworks";
				PRODUCT_BUNDLE_IDENTIFIER = JJM.Geosphere;
				PRODUCT_NAME = "$(TARGET_NAME)";
				SWIFT_VERSION = 3.0;
			};
			name = Debug;
		};
		A0E5E9031EA49486008608E6 /* Release */ = {
			isa = XCBuildConfiguration;
			buildSettings = {
				ASSETCATALOG_COMPILER_APPICON_NAME = AppIcon;
				DEVELOPMENT_TEAM = BCYSH9FU9P;
				INFOPLIST_FILE = Geosphere/Info.plist;
				LD_RUNPATH_SEARCH_PATHS = "$(inherited) @executable_path/Frameworks";
				PRODUCT_BUNDLE_IDENTIFIER = JJM.Geosphere;
				PRODUCT_NAME = "$(TARGET_NAME)";
				SWIFT_VERSION = 3.0;
			};
			name = Release;
		};
/* End XCBuildConfiguration section */

/* Begin XCConfigurationList section */
		A0E5E8EA1EA49486008608E6 /* Build configuration list for PBXProject "Geosphere" */ = {
			isa = XCConfigurationList;
			buildConfigurations = (
				A0E5E8FF1EA49486008608E6 /* Debug */,
				A0E5E9001EA49486008608E6 /* Release */,
			);
			defaultConfigurationIsVisible = 0;
			defaultConfigurationName = Release;
		};
		A0E5E9011EA49486008608E6 /* Build configuration list for PBXNativeTarget "Geosphere" */ = {
			isa = XCConfigurationList;
			buildConfigurations = (
				A0E5E9021EA49486008608E6 /* Debug */,
				A0E5E9031EA49486008608E6 /* Release */,
			);
			defaultConfigurationIsVisible = 0;
		};
/* End XCConfigurationList section */
	};
	rootObject = A0E5E8E71EA49486008608E6 /* Project object */;
}
